// !$*UTF8*$!
{
	archiveVersion = 1;
	classes = {
	};
	objectVersion = 56;
	objects = {

/* Begin PBXBuildFile section */
		051A8EE02B1ED78F0043EE71 /* RegisterViewController.swift in Sources */ = {isa = PBXBuildFile; fileRef = 051A8EDF2B1ED78F0043EE71 /* RegisterViewController.swift */; };
		051A8EE42B1ED8210043EE71 /* users.swift in Sources */ = {isa = PBXBuildFile; fileRef = 051A8EE32B1ED8210043EE71 /* users.swift */; };
		051A8EE62B1ED82C0043EE71 /* toys.swift in Sources */ = {isa = PBXBuildFile; fileRef = 051A8EE52B1ED82C0043EE71 /* toys.swift */; };
		051A8EE92B1EDA540043EE71 /* userdatabase.xcdatamodeld in Sources */ = {isa = PBXBuildFile; fileRef = 051A8EE72B1EDA540043EE71 /* userdatabase.xcdatamodeld */; };
		051A8EEB2B1EEC250043EE71 /* AddToysViewController.swift in Sources */ = {isa = PBXBuildFile; fileRef = 051A8EEA2B1EEC250043EE71 /* AddToysViewController.swift */; };
		0573A7552B2C35B9008A3DD5 /* CartViewController.swift in Sources */ = {isa = PBXBuildFile; fileRef = 0573A7542B2C35B9008A3DD5 /* CartViewController.swift */; };
		0573A7572B2C35D6008A3DD5 /* CartTableViewCell.swift in Sources */ = {isa = PBXBuildFile; fileRef = 0573A7562B2C35D6008A3DD5 /* CartTableViewCell.swift */; };
		0573A7592B2C36C1008A3DD5 /* transaction.swift in Sources */ = {isa = PBXBuildFile; fileRef = 0573A7582B2C36C1008A3DD5 /* transaction.swift */; };
		05D103A62B2B19FA00C0CA82 /* UserHomeViewController.swift in Sources */ = {isa = PBXBuildFile; fileRef = 05D103A52B2B19FA00C0CA82 /* UserHomeViewController.swift */; };
		05D103A82B2B1ACD00C0CA82 /* UserToyTableViewCell.swift in Sources */ = {isa = PBXBuildFile; fileRef = 05D103A72B2B1ACD00C0CA82 /* UserToyTableViewCell.swift */; };
		D81DCB582B05CE95003311FC /* HomeViewController.swift in Sources */ = {isa = PBXBuildFile; fileRef = D81DCB572B05CE95003311FC /* HomeViewController.swift */; };
		D89CBCB92AECABF400CB73B1 /* AppDelegate.swift in Sources */ = {isa = PBXBuildFile; fileRef = D89CBCB82AECABF400CB73B1 /* AppDelegate.swift */; };
		D89CBCBB2AECABF400CB73B1 /* SceneDelegate.swift in Sources */ = {isa = PBXBuildFile; fileRef = D89CBCBA2AECABF400CB73B1 /* SceneDelegate.swift */; };
		D89CBCBD2AECABF400CB73B1 /* ViewController.swift in Sources */ = {isa = PBXBuildFile; fileRef = D89CBCBC2AECABF400CB73B1 /* ViewController.swift */; };
		D89CBCC02AECABF400CB73B1 /* Main.storyboard in Resources */ = {isa = PBXBuildFile; fileRef = D89CBCBE2AECABF400CB73B1 /* Main.storyboard */; };
		D89CBCC22AECABF500CB73B1 /* Assets.xcassets in Resources */ = {isa = PBXBuildFile; fileRef = D89CBCC12AECABF500CB73B1 /* Assets.xcassets */; };
		D89CBCC52AECABF500CB73B1 /* LaunchScreen.storyboard in Resources */ = {isa = PBXBuildFile; fileRef = D89CBCC32AECABF500CB73B1 /* LaunchScreen.storyboard */; };
		D8DB24CC2B04C44D0079024C /* ToyTableViewCell.swift in Sources */ = {isa = PBXBuildFile; fileRef = D8DB24CB2B04C44D0079024C /* ToyTableViewCell.swift */; };
/* End PBXBuildFile section */

/* Begin PBXFileReference section */
		051A8EDF2B1ED78F0043EE71 /* RegisterViewController.swift */ = {isa = PBXFileReference; lastKnownFileType = sourcecode.swift; path = RegisterViewController.swift; sourceTree = "<group>"; };
		051A8EE32B1ED8210043EE71 /* users.swift */ = {isa = PBXFileReference; lastKnownFileType = sourcecode.swift; path = users.swift; sourceTree = "<group>"; };
		051A8EE52B1ED82C0043EE71 /* toys.swift */ = {isa = PBXFileReference; lastKnownFileType = sourcecode.swift; path = toys.swift; sourceTree = "<group>"; };
		051A8EE82B1EDA540043EE71 /* userdatabase.xcdatamodel */ = {isa = PBXFileReference; lastKnownFileType = wrapper.xcdatamodel; path = userdatabase.xcdatamodel; sourceTree = "<group>"; };
		051A8EEA2B1EEC250043EE71 /* AddToysViewController.swift */ = {isa = PBXFileReference; lastKnownFileType = sourcecode.swift; path = AddToysViewController.swift; sourceTree = "<group>"; };
		0573A7542B2C35B9008A3DD5 /* CartViewController.swift */ = {isa = PBXFileReference; lastKnownFileType = sourcecode.swift; path = CartViewController.swift; sourceTree = "<group>"; };
		0573A7562B2C35D6008A3DD5 /* CartTableViewCell.swift */ = {isa = PBXFileReference; lastKnownFileType = sourcecode.swift; path = CartTableViewCell.swift; sourceTree = "<group>"; };
		0573A7582B2C36C1008A3DD5 /* transaction.swift */ = {isa = PBXFileReference; lastKnownFileType = sourcecode.swift; path = transaction.swift; sourceTree = "<group>"; };
		05D103A52B2B19FA00C0CA82 /* UserHomeViewController.swift */ = {isa = PBXFileReference; lastKnownFileType = sourcecode.swift; path = UserHomeViewController.swift; sourceTree = "<group>"; };
		05D103A72B2B1ACD00C0CA82 /* UserToyTableViewCell.swift */ = {isa = PBXFileReference; lastKnownFileType = sourcecode.swift; path = UserToyTableViewCell.swift; sourceTree = "<group>"; };
		D81DCB572B05CE95003311FC /* HomeViewController.swift */ = {isa = PBXFileReference; lastKnownFileType = sourcecode.swift; path = HomeViewController.swift; sourceTree = "<group>"; };
		D89CBCB52AECABF400CB73B1 /* labProject.app */ = {isa = PBXFileReference; explicitFileType = wrapper.application; includeInIndex = 0; path = labProject.app; sourceTree = BUILT_PRODUCTS_DIR; };
		D89CBCB82AECABF400CB73B1 /* AppDelegate.swift */ = {isa = PBXFileReference; lastKnownFileType = sourcecode.swift; path = AppDelegate.swift; sourceTree = "<group>"; };
		D89CBCBA2AECABF400CB73B1 /* SceneDelegate.swift */ = {isa = PBXFileReference; lastKnownFileType = sourcecode.swift; path = SceneDelegate.swift; sourceTree = "<group>"; };
		D89CBCBC2AECABF400CB73B1 /* ViewController.swift */ = {isa = PBXFileReference; lastKnownFileType = sourcecode.swift; path = ViewController.swift; sourceTree = "<group>"; };
		D89CBCBF2AECABF400CB73B1 /* Base */ = {isa = PBXFileReference; lastKnownFileType = file.storyboard; name = Base; path = Base.lproj/Main.storyboard; sourceTree = "<group>"; };
		D89CBCC12AECABF500CB73B1 /* Assets.xcassets */ = {isa = PBXFileReference; lastKnownFileType = folder.assetcatalog; path = Assets.xcassets; sourceTree = "<group>"; };
		D89CBCC42AECABF500CB73B1 /* Base */ = {isa = PBXFileReference; lastKnownFileType = file.storyboard; name = Base; path = Base.lproj/LaunchScreen.storyboard; sourceTree = "<group>"; };
		D89CBCC62AECABF500CB73B1 /* Info.plist */ = {isa = PBXFileReference; lastKnownFileType = text.plist.xml; path = Info.plist; sourceTree = "<group>"; };
		D8DB24CB2B04C44D0079024C /* ToyTableViewCell.swift */ = {isa = PBXFileReference; lastKnownFileType = sourcecode.swift; path = ToyTableViewCell.swift; sourceTree = "<group>"; };
/* End PBXFileReference section */

/* Begin PBXFrameworksBuildPhase section */
		D89CBCB22AECABF400CB73B1 /* Frameworks */ = {
			isa = PBXFrameworksBuildPhase;
			buildActionMask = 2147483647;
			files = (
			);
			runOnlyForDeploymentPostprocessing = 0;
		};
/* End PBXFrameworksBuildPhase section */

/* Begin PBXGroup section */
		D89CBCAC2AECABF400CB73B1 = {
			isa = PBXGroup;
			children = (
				D89CBCB72AECABF400CB73B1 /* labProject */,
				D89CBCB62AECABF400CB73B1 /* Products */,
			);
			sourceTree = "<group>";
		};
		D89CBCB62AECABF400CB73B1 /* Products */ = {
			isa = PBXGroup;
			children = (
				D89CBCB52AECABF400CB73B1 /* labProject.app */,
			);
			name = Products;
			sourceTree = "<group>";
		};
		D89CBCB72AECABF400CB73B1 /* labProject */ = {
			isa = PBXGroup;
			children = (
				051A8EEA2B1EEC250043EE71 /* AddToysViewController.swift */,
				D89CBCB82AECABF400CB73B1 /* AppDelegate.swift */,
				051A8EE32B1ED8210043EE71 /* users.swift */,
				051A8EE52B1ED82C0043EE71 /* toys.swift */,
				D89CBCBA2AECABF400CB73B1 /* SceneDelegate.swift */,
				D89CBCBC2AECABF400CB73B1 /* ViewController.swift */,
				0573A7542B2C35B9008A3DD5 /* CartViewController.swift */,
				D81DCB572B05CE95003311FC /* HomeViewController.swift */,
				D89CBCBE2AECABF400CB73B1 /* Main.storyboard */,
				0573A7562B2C35D6008A3DD5 /* CartTableViewCell.swift */,
				05D103A52B2B19FA00C0CA82 /* UserHomeViewController.swift */,
				051A8EDF2B1ED78F0043EE71 /* RegisterViewController.swift */,
				D8DB24CB2B04C44D0079024C /* ToyTableViewCell.swift */,
				05D103A72B2B1ACD00C0CA82 /* UserToyTableViewCell.swift */,
				D89CBCC12AECABF500CB73B1 /* Assets.xcassets */,
				D89CBCC32AECABF500CB73B1 /* LaunchScreen.storyboard */,
				D89CBCC62AECABF500CB73B1 /* Info.plist */,
				051A8EE72B1EDA540043EE71 /* userdatabase.xcdatamodeld */,
				0573A7582B2C36C1008A3DD5 /* transaction.swift */,
			);
			path = labProject;
			sourceTree = "<group>";
		};
/* End PBXGroup section */

/* Begin PBXNativeTarget section */
		D89CBCB42AECABF400CB73B1 /* labProject */ = {
			isa = PBXNativeTarget;
			buildConfigurationList = D89CBCC92AECABF500CB73B1 /* Build configuration list for PBXNativeTarget "labProject" */;
			buildPhases = (
				D89CBCB12AECABF400CB73B1 /* Sources */,
				D89CBCB22AECABF400CB73B1 /* Frameworks */,
				D89CBCB32AECABF400CB73B1 /* Resources */,
			);
			buildRules = (
			);
			dependencies = (
			);
			name = labProject;
			productName = labProject;
			productReference = D89CBCB52AECABF400CB73B1 /* labProject.app */;
			productType = "com.apple.product-type.application";
		};
/* End PBXNativeTarget section */

/* Begin PBXProject section */
		D89CBCAD2AECABF400CB73B1 /* Project object */ = {
			isa = PBXProject;
			attributes = {
				BuildIndependentTargetsInParallel = 1;
				LastSwiftUpdateCheck = 1410;
				LastUpgradeCheck = 1410;
				TargetAttributes = {
					D89CBCB42AECABF400CB73B1 = {
						CreatedOnToolsVersion = 14.1;
					};
				};
			};
			buildConfigurationList = D89CBCB02AECABF400CB73B1 /* Build configuration list for PBXProject "labProject" */;
			compatibilityVersion = "Xcode 14.0";
			developmentRegion = en;
			hasScannedForEncodings = 0;
			knownRegions = (
				en,
				Base,
			);
			mainGroup = D89CBCAC2AECABF400CB73B1;
			productRefGroup = D89CBCB62AECABF400CB73B1 /* Products */;
			projectDirPath = "";
			projectRoot = "";
			targets = (
				D89CBCB42AECABF400CB73B1 /* labProject */,
			);
		};
/* End PBXProject section */

/* Begin PBXResourcesBuildPhase section */
		D89CBCB32AECABF400CB73B1 /* Resources */ = {
			isa = PBXResourcesBuildPhase;
			buildActionMask = 2147483647;
			files = (
				D89CBCC52AECABF500CB73B1 /* LaunchScreen.storyboard in Resources */,
				D89CBCC22AECABF500CB73B1 /* Assets.xcassets in Resources */,
				D89CBCC02AECABF400CB73B1 /* Main.storyboard in Resources */,
			);
			runOnlyForDeploymentPostprocessing = 0;
		};
/* End PBXResourcesBuildPhase section */

/* Begin PBXSourcesBuildPhase section */
		D89CBCB12AECABF400CB73B1 /* Sources */ = {
			isa = PBXSourcesBuildPhase;
			buildActionMask = 2147483647;
			files = (
				051A8EE92B1EDA540043EE71 /* userdatabase.xcdatamodeld in Sources */,
				D81DCB582B05CE95003311FC /* HomeViewController.swift in Sources */,
				D8DB24CC2B04C44D0079024C /* ToyTableViewCell.swift in Sources */,
				051A8EE42B1ED8210043EE71 /* users.swift in Sources */,
				D89CBCBD2AECABF400CB73B1 /* ViewController.swift in Sources */,
				051A8EEB2B1EEC250043EE71 /* AddToysViewController.swift in Sources */,
				0573A7552B2C35B9008A3DD5 /* CartViewController.swift in Sources */,
				0573A7572B2C35D6008A3DD5 /* CartTableViewCell.swift in Sources */,
				051A8EE62B1ED82C0043EE71 /* toys.swift in Sources */,
				0573A7592B2C36C1008A3DD5 /* transaction.swift in Sources */,
				05D103A82B2B1ACD00C0CA82 /* UserToyTableViewCell.swift in Sources */,
				051A8EE02B1ED78F0043EE71 /* RegisterViewController.swift in Sources */,
				D89CBCB92AECABF400CB73B1 /* AppDelegate.swift in Sources */,
				D89CBCBB2AECABF400CB73B1 /* SceneDelegate.swift in Sources */,
				05D103A62B2B19FA00C0CA82 /* UserHomeViewController.swift in Sources */,
			);
			runOnlyForDeploymentPostprocessing = 0;
		};
/* End PBXSourcesBuildPhase section */

/* Begin PBXVariantGroup section */
		D89CBCBE2AECABF400CB73B1 /* Main.storyboard */ = {
			isa = PBXVariantGroup;
			children = (
				D89CBCBF2AECABF400CB73B1 /* Base */,
			);
			name = Main.storyboard;
			sourceTree = "<group>";
		};
		D89CBCC32AECABF500CB73B1 /* LaunchScreen.storyboard */ = {
			isa = PBXVariantGroup;
			children = (
				D89CBCC42AECABF500CB73B1 /* Base */,
			);
			name = LaunchScreen.storyboard;
			sourceTree = "<group>";
		};
/* End PBXVariantGroup section */

/* Begin XCBuildConfiguration section */
		D89CBCC72AECABF500CB73B1 /* Debug */ = {
			isa = XCBuildConfiguration;
			buildSettings = {
				ALWAYS_SEARCH_USER_PATHS = NO;
				CLANG_ANALYZER_NONNULL = YES;
				CLANG_ANALYZER_NUMBER_OBJECT_CONVERSION = YES_AGGRESSIVE;
				CLANG_CXX_LANGUAGE_STANDARD = "gnu++20";
				CLANG_ENABLE_MODULES = YES;
				CLANG_ENABLE_OBJC_ARC = YES;
				CLANG_ENABLE_OBJC_WEAK = YES;
				CLANG_WARN_BLOCK_CAPTURE_AUTORELEASING = YES;
				CLANG_WARN_BOOL_CONVERSION = YES;
				CLANG_WARN_COMMA = YES;
				CLANG_WARN_CONSTANT_CONVERSION = YES;
				CLANG_WARN_DEPRECATED_OBJC_IMPLEMENTATIONS = YES;
				CLANG_WARN_DIRECT_OBJC_ISA_USAGE = YES_ERROR;
				CLANG_WARN_DOCUMENTATION_COMMENTS = YES;
				CLANG_WARN_EMPTY_BODY = YES;
				CLANG_WARN_ENUM_CONVERSION = YES;
				CLANG_WARN_INFINITE_RECURSION = YES;
				CLANG_WARN_INT_CONVERSION = YES;
				CLANG_WARN_NON_LITERAL_NULL_CONVERSION = YES;
				CLANG_WARN_OBJC_IMPLICIT_RETAIN_SELF = YES;
				CLANG_WARN_OBJC_LITERAL_CONVERSION = YES;
				CLANG_WARN_OBJC_ROOT_CLASS = YES_ERROR;
				CLANG_WARN_QUOTED_INCLUDE_IN_FRAMEWORK_HEADER = YES;
				CLANG_WARN_RANGE_LOOP_ANALYSIS = YES;
				CLANG_WARN_STRICT_PROTOTYPES = YES;
				CLANG_WARN_SUSPICIOUS_MOVE = YES;
				CLANG_WARN_UNGUARDED_AVAILABILITY = YES_AGGRESSIVE;
				CLANG_WARN_UNREACHABLE_CODE = YES;
				CLANG_WARN__DUPLICATE_METHOD_MATCH = YES;
				COPY_PHASE_STRIP = NO;
				DEBUG_INFORMATION_FORMAT = dwarf;
				ENABLE_STRICT_OBJC_MSGSEND = YES;
				ENABLE_TESTABILITY = YES;
				GCC_C_LANGUAGE_STANDARD = gnu11;
				GCC_DYNAMIC_NO_PIC = NO;
				GCC_NO_COMMON_BLOCKS = YES;
				GCC_OPTIMIZATION_LEVEL = 0;
				GCC_PREPROCESSOR_DEFINITIONS = (
					"DEBUG=1",
					"$(inherited)",
				);
				GCC_WARN_64_TO_32_BIT_CONVERSION = YES;
				GCC_WARN_ABOUT_RETURN_TYPE = YES_ERROR;
				GCC_WARN_UNDECLARED_SELECTOR = YES;
				GCC_WARN_UNINITIALIZED_AUTOS = YES_AGGRESSIVE;
				GCC_WARN_UNUSED_FUNCTION = YES;
				GCC_WARN_UNUSED_VARIABLE = YES;
				IPHONEOS_DEPLOYMENT_TARGET = 16.1;
				MTL_ENABLE_DEBUG_INFO = INCLUDE_SOURCE;
				MTL_FAST_MATH = YES;
				ONLY_ACTIVE_ARCH = YES;
				SDKROOT = iphoneos;
				SWIFT_ACTIVE_COMPILATION_CONDITIONS = DEBUG;
				SWIFT_OPTIMIZATION_LEVEL = "-Onone";
			};
			name = Debug;
		};
		D89CBCC82AECABF500CB73B1 /* Release */ = {
			isa = XCBuildConfiguration;
			buildSettings = {
				ALWAYS_SEARCH_USER_PATHS = NO;
				CLANG_ANALYZER_NONNULL = YES;
				CLANG_ANALYZER_NUMBER_OBJECT_CONVERSION = YES_AGGRESSIVE;
				CLANG_CXX_LANGUAGE_STANDARD = "gnu++20";
				CLANG_ENABLE_MODULES = YES;
				CLANG_ENABLE_OBJC_ARC = YES;
				CLANG_ENABLE_OBJC_WEAK = YES;
				CLANG_WARN_BLOCK_CAPTURE_AUTORELEASING = YES;
				CLANG_WARN_BOOL_CONVERSION = YES;
				CLANG_WARN_COMMA = YES;
				CLANG_WARN_CONSTANT_CONVERSION = YES;
				CLANG_WARN_DEPRECATED_OBJC_IMPLEMENTATIONS = YES;
				CLANG_WARN_DIRECT_OBJC_ISA_USAGE = YES_ERROR;
				CLANG_WARN_DOCUMENTATION_COMMENTS = YES;
				CLANG_WARN_EMPTY_BODY = YES;
				CLANG_WARN_ENUM_CONVERSION = YES;
				CLANG_WARN_INFINITE_RECURSION = YES;
				CLANG_WARN_INT_CONVERSION = YES;
				CLANG_WARN_NON_LITERAL_NULL_CONVERSION = YES;
				CLANG_WARN_OBJC_IMPLICIT_RETAIN_SELF = YES;
				CLANG_WARN_OBJC_LITERAL_CONVERSION = YES;
				CLANG_WARN_OBJC_ROOT_CLASS = YES_ERROR;
				CLANG_WARN_QUOTED_INCLUDE_IN_FRAMEWORK_HEADER = YES;
				CLANG_WARN_RANGE_LOOP_ANALYSIS = YES;
				CLANG_WARN_STRICT_PROTOTYPES = YES;
				CLANG_WARN_SUSPICIOUS_MOVE = YES;
				CLANG_WARN_UNGUARDED_AVAILABILITY = YES_AGGRESSIVE;
				CLANG_WARN_UNREACHABLE_CODE = YES;
				CLANG_WARN__DUPLICATE_METHOD_MATCH = YES;
				COPY_PHASE_STRIP = NO;
				DEBUG_INFORMATION_FORMAT = "dwarf-with-dsym";
				ENABLE_NS_ASSERTIONS = NO;
				ENABLE_STRICT_OBJC_MSGSEND = YES;
				GCC_C_LANGUAGE_STANDARD = gnu11;
				GCC_NO_COMMON_BLOCKS = YES;
				GCC_WARN_64_TO_32_BIT_CONVERSION = YES;
				GCC_WARN_ABOUT_RETURN_TYPE = YES_ERROR;
				GCC_WARN_UNDECLARED_SELECTOR = YES;
				GCC_WARN_UNINITIALIZED_AUTOS = YES_AGGRESSIVE;
				GCC_WARN_UNUSED_FUNCTION = YES;
				GCC_WARN_UNUSED_VARIABLE = YES;
				IPHONEOS_DEPLOYMENT_TARGET = 16.1;
				MTL_ENABLE_DEBUG_INFO = NO;
				MTL_FAST_MATH = YES;
				SDKROOT = iphoneos;
				SWIFT_COMPILATION_MODE = wholemodule;
				SWIFT_OPTIMIZATION_LEVEL = "-O";
				VALIDATE_PRODUCT = YES;
			};
			name = Release;
		};
		D89CBCCA2AECABF500CB73B1 /* Debug */ = {
			isa = XCBuildConfiguration;
			buildSettings = {
				ASSETCATALOG_COMPILER_APPICON_NAME = AppIcon;
				ASSETCATALOG_COMPILER_GLOBAL_ACCENT_COLOR_NAME = AccentColor;
				CODE_SIGN_STYLE = Automatic;
				CURRENT_PROJECT_VERSION = 1;
				GENERATE_INFOPLIST_FILE = YES;
				INFOPLIST_FILE = labProject/Info.plist;
				INFOPLIST_KEY_UIApplicationSupportsIndirectInputEvents = YES;
				INFOPLIST_KEY_UILaunchStoryboardName = LaunchScreen;
				INFOPLIST_KEY_UIMainStoryboardFile = Main;
				INFOPLIST_KEY_UISupportedInterfaceOrientations_iPad = "UIInterfaceOrientationPortrait UIInterfaceOrientationPortraitUpsideDown UIInterfaceOrientationLandscapeLeft UIInterfaceOrientationLandscapeRight";
				INFOPLIST_KEY_UISupportedInterfaceOrientations_iPhone = "UIInterfaceOrientationPortrait UIInterfaceOrientationLandscapeLeft UIInterfaceOrientationLandscapeRight";
				LD_RUNPATH_SEARCH_PATHS = (
					"$(inherited)",
					"@executable_path/Frameworks",
				);
				MARKETING_VERSION = 1.0;
				PRODUCT_BUNDLE_IDENTIFIER = labBinus.labProject;
				PRODUCT_NAME = "$(TARGET_NAME)";
				SWIFT_EMIT_LOC_STRINGS = YES;
				SWIFT_VERSION = 5.0;
				TARGETED_DEVICE_FAMILY = "1,2";
			};
			name = Debug;
		};
		D89CBCCB2AECABF500CB73B1 /* Release */ = {
			isa = XCBuildConfiguration;
			buildSettings = {
				ASSETCATALOG_COMPILER_APPICON_NAME = AppIcon;
				ASSETCATALOG_COMPILER_GLOBAL_ACCENT_COLOR_NAME = AccentColor;
				CODE_SIGN_STYLE = Automatic;
				CURRENT_PROJECT_VERSION = 1;
				GENERATE_INFOPLIST_FILE = YES;
				INFOPLIST_FILE = labProject/Info.plist;
				INFOPLIST_KEY_UIApplicationSupportsIndirectInputEvents = YES;
				INFOPLIST_KEY_UILaunchStoryboardName = LaunchScreen;
				INFOPLIST_KEY_UIMainStoryboardFile = Main;
				INFOPLIST_KEY_UISupportedInterfaceOrientations_iPad = "UIInterfaceOrientationPortrait UIInterfaceOrientationPortraitUpsideDown UIInterfaceOrientationLandscapeLeft UIInterfaceOrientationLandscapeRight";
				INFOPLIST_KEY_UISupportedInterfaceOrientations_iPhone = "UIInterfaceOrientationPortrait UIInterfaceOrientationLandscapeLeft UIInterfaceOrientationLandscapeRight";
				LD_RUNPATH_SEARCH_PATHS = (
					"$(inherited)",
					"@executable_path/Frameworks",
				);
				MARKETING_VERSION = 1.0;
				PRODUCT_BUNDLE_IDENTIFIER = labBinus.labProject;
				PRODUCT_NAME = "$(TARGET_NAME)";
				SWIFT_EMIT_LOC_STRINGS = YES;
				SWIFT_VERSION = 5.0;
				TARGETED_DEVICE_FAMILY = "1,2";
			};
			name = Release;
		};
/* End XCBuildConfiguration section */

/* Begin XCConfigurationList section */
		D89CBCB02AECABF400CB73B1 /* Build configuration list for PBXProject "labProject" */ = {
			isa = XCConfigurationList;
			buildConfigurations = (
				D89CBCC72AECABF500CB73B1 /* Debug */,
				D89CBCC82AECABF500CB73B1 /* Release */,
			);
			defaultConfigurationIsVisible = 0;
			defaultConfigurationName = Release;
		};
		D89CBCC92AECABF500CB73B1 /* Build configuration list for PBXNativeTarget "labProject" */ = {
			isa = XCConfigurationList;
			buildConfigurations = (
				D89CBCCA2AECABF500CB73B1 /* Debug */,
				D89CBCCB2AECABF500CB73B1 /* Release */,
			);
			defaultConfigurationIsVisible = 0;
			defaultConfigurationName = Release;
		};
/* End XCConfigurationList section */

/* Begin XCVersionGroup section */
		051A8EE72B1EDA540043EE71 /* userdatabase.xcdatamodeld */ = {
			isa = XCVersionGroup;
			children = (
				051A8EE82B1EDA540043EE71 /* userdatabase.xcdatamodel */,
			);
			currentVersion = 051A8EE82B1EDA540043EE71 /* userdatabase.xcdatamodel */;
			path = userdatabase.xcdatamodeld;
			sourceTree = "<group>";
			versionGroupType = wrapper.xcdatamodel;
		};
/* End XCVersionGroup section */
	};
	rootObject = D89CBCAD2AECABF400CB73B1 /* Project object */;
}
